{
  "lockfileVersion": 2,
  "configVersion": 1,
  "workspaces": {
    "": {
      "name": "get",
      "devDependencies": {
        "@biomejs/biome": "^2.5.14",
        "@changesets/changelog-github": "^1.0.1",
        "@changesets/cli": "^3.0.3",
        "@types/bun": "^1.4.2",
        "knip": "^6.37.0",
        "sherif": "^1.13.0",
        "typescript": "^7.0.2",
      },
    },
    "packages/ast": {
      "name": "@getlang/ast",
      "version": "0.1.0",
      "dependencies": {
        "moo": "^0.5.3",
      },
      "devDependencies": {
        "@types/moo": "^0.5.10",
      },
    },
    "packages/get": {
      "name": "@getlang/get",
      "version": "0.3.3",
      "dependencies": {
        "@getlang/ast": "workspace:^0.1.0",
        "@getlang/lib": "workspace:^0.2.1",
        "@getlang/parser": "workspace:^0.4.3",
        "@getlang/walker": "workspace:^0.1.0",
        "lodash-es": "^4.18.1",
      },
      "devDependencies": {
        "@types/lodash-es": "^4.17.12",
      },
    },
    "packages/lib": {
      "name": "@getlang/lib",
      "version": "0.2.1",
      "dependencies": {
        "@getlang/ast": "workspace:^0.1.0",
        "@getlang/xpath": "0.0.35-0",
        "@types/esquery": "^1.5.4",
        "@types/lodash-es": "^4.17.12",
        "acorn": "^8.18.0",
        "css-select": "^7.0.0",
        "css-what": "^8.0.0",
        "dom-serializer": "^3.1.1",
        "domelementtype": "*",
        "domhandler": "^6.0.1",
        "domutils": "^4.0.2",
        "esquery": "^1.7.0",
        "lodash-es": "^4.18.1",
        "parse5": "^8.0.1",
        "parse5-htmlparser2-tree-adapter": "^8.0.1",
        "set-cookie-parser": "^3.1.2",
      },
    },
    "packages/parser": {
      "name": "@getlang/parser",
      "version": "0.4.3",
      "dependencies": {
        "@getlang/ast": "workspace:^0.1.0",
        "@getlang/lib": "workspace:^0.2.1",
        "@getlang/walker": "workspace:^0.1.0",
        "@types/moo": "^0.5.10",
        "@types/nearley": "^2.11.5",
        "acorn": "^8.18.0",
        "estree-toolkit": "^1.7.14",
        "globals": "^17.12.0",
        "lodash-es": "^4.18.1",
        "moo": "^0.5.3",
        "nearley": "^2.20.1",
        "prettier": "^3.9.8",
      },
      "devDependencies": {
        "@types/lodash-es": "^4.17.12",
      },
    },
    "packages/walker": {
      "name": "@getlang/walker",
      "version": "0.1.0",
      "dependencies": {
        "@getlang/ast": "workspace:^0.1.0",
      },
    },
    "test": {
      "name": "test",
      "dependencies": {
        "@getlang/get": "workspace:*",
        "@getlang/lib": "workspace:^0.2.1",
        "@getlang/parser": "workspace:*",
        "dedent": "^1.7.2",
      },
      "devDependencies": {
        "@types/bun": "^1.4.2",
        "jest-diff": "^30.5.1",
      },
    },
  },
  "overrides": {
    "domhandler": "^6.0.1",
  },
  "packages": {
    "@biomejs/biome": ["@biomejs/biome@2.5.14", "", { "optionalDependencies": { "@biomejs/cli-darwin-arm64": "2.5.14", "@biomejs/cli-darwin-x64": "2.5.14", "@biomejs/cli-linux-arm64": "2.5.14", "@biomejs/cli-linux-arm64-musl": "2.5.14", "@biomejs/cli-linux-x64": "2.5.14", "@biomejs/cli-linux-x64-musl": "2.5.14", "@biomejs/cli-win32-arm64": "2.5.14", "@biomejs/cli-win32-x64": "2.5.14" }, "bin": { "biome": "bin/biome" } }, "sha512-0FabLIjd4M/dm8VFI86RMaLLdgepzbdfiAL2R8cr7V81OYYrP1w7Z73KfAwPK5h9SrEBXTzNG2y+mBwPo9xRnw=="],

    "@biomejs/cli-darwin-arm64": ["@biomejs/cli-darwin-arm64@2.5.14", "", { "os": "darwin", "cpu": "arm64" }, "sha512-UnzaXO65L4tsZimFITFP2M121GyhDcWFrT3pL5ZJ5U4XcS/0L5VHYytVohdCf/gnDUFHgl2I9xnt5bV/J1kxHQ=="],

    "@biomejs/cli-darwin-x64": ["@biomejs/cli-darwin-x64@2.5.14", "", { "os": "darwin", "cpu": "x64" }, "sha512-kiy8qA16K93J7uvFfWi4LgjqDpnRKyePAna6A0Y4jxyUga35SYpIZ2cNWlhy0lsfgqRenCpfymnJWEZ6mgpRgA=="],

    "@biomejs/cli-linux-arm64": ["@biomejs/cli-linux-arm64@2.5.14", "", { "os": "linux", "cpu": "arm64" }, "sha512-vO/9BaU1n30CiFNLx49gMTMtbCAAqlo/EqFoG0BU3deQInTbJrmXSmTQ9e3FoDZIKQnvSLDVNL4lx1ci7y1T1Q=="],

    "@biomejs/cli-linux-arm64-musl": ["@biomejs/cli-linux-arm64-musl@2.5.14", "", { "os": "linux", "cpu": "arm64" }, "sha512-SJ9PrZkBnnH9dHJDnxk34vKs0GB2dbsioaft6/hPhWJ7AHpwYH83Isnhj0FSRpFkGgpVfJ1lds23ApB2czUDLQ=="],

    "@biomejs/cli-linux-x64": ["@biomejs/cli-linux-x64@2.5.14", "", { "os": "linux", "cpu": "x64" }, "sha512-VHZRa7CCQBUWKxNwUvHJeuW03WFRgN5NWO//SDGOitc9QIeNyfA42V9zlKm+x82xFSG9Bzi5fi+hbhm9anO8yA=="],

    "@biomejs/cli-linux-x64-musl": ["@biomejs/cli-linux-x64-musl@2.5.14", "", { "os": "linux", "cpu": "x64" }, "sha512-2kI5PrMgW5dcEZYrstLPmUmCwkUwZY39rP4BN93Vxbwcs2O57LDQOktUZZYPvvspN5i0mhGr3TJtF5sU26NUWg=="],

    "@biomejs/cli-win32-arm64": ["@biomejs/cli-win32-arm64@2.5.14", "", { "os": "win32", "cpu": "arm64" }, "sha512-pHgAFffmZtaYoxavEsWEYNvcA7NwOIjLyqw2HXyLbt16xYryX0L4fMV2u0G9ag6LNYPIoqWaWqzUcnc6rLGGXg=="],

    "@biomejs/cli-win32-x64": ["@biomejs/cli-win32-x64@2.5.14", "", { "os": "win32", "cpu": "x64" }, "sha512-oJWmBhoHsnhUKIke+0gXDX0mltJrWHA1UyHsrTlXwX0TL64ilVZAo+TYZm97baecV0esBdpzy3k96q+09JaZUQ=="],

    "@changesets/apply-release-plan": ["@changesets/apply-release-plan@8.1.1", "", { "dependencies": { "@changesets/config": "^4.0.1", "@changesets/format": "^0.1.2", "@changesets/git": "^4.0.1", "@changesets/should-skip-package": "^1.0.0", "@changesets/types": "^7.0.0", "import-meta-resolve": "^4.2.0", "jsonc-parser": "^3.3.1", "semver": "^7.8.1" } }, "sha512-nk2Hbq3M9NeHMdaIRBDvawKrQJzXB9sGyBUE5yWnIKtvdcNCPj75zBekJYr0gTT2ecJH3eFeTrc8eisPImcv0Q=="],

    "@changesets/assemble-release-plan": ["@changesets/assemble-release-plan@7.0.0", "", { "dependencies": { "@changesets/errors": "^1.0.0", "@changesets/get-dependents-graph": "^3.0.0", "@changesets/should-skip-package": "^1.0.0", "@changesets/types": "^7.0.0", "semver": "^7.8.1" } }, "sha512-oEW8BxdA604kGGtDSCiHr5w9Tv4UWe9I2k61IBNZzCOE1kbYaJj4v+lFQNgcEZFkUc2pV/+hASErGDvpJOZCTg=="],

    "@changesets/changelog-git": ["@changesets/changelog-git@1.0.0", "", { "dependencies": { "@changesets/types": "^7.0.0" } }, "sha512-3Dst2Ime2Op5nd4XmWJLPIgp11ZFqJqSkVug9izK6TDcIV4YlhPS4ECbEVR+eGI0bk0r1ItogD4j2Oli87bJrA=="],

    "@changesets/changelog-github": ["@changesets/changelog-github@1.0.1", "", { "dependencies": { "@changesets/get-github-info": "^1.0.1", "@changesets/types": "^7.0.0" } }, "sha512-QUcrV7878yHlWPXXPA6gqSxNKwtVHCd1K22L7ZAoJw2yGy8K4QvjwOStD75+1Q9KD9ZSUgGS94HuYdd7HOVtpA=="],

    "@changesets/cli": ["@changesets/cli@3.0.3", "", { "dependencies": { "@changesets/apply-release-plan": "^8.1.1", "@changesets/assemble-release-plan": "^7.0.0", "@changesets/changelog-git": "^1.0.0", "@changesets/config": "^4.0.1", "@changesets/errors": "^1.0.0", "@changesets/get-dependents-graph": "^3.0.0", "@changesets/git": "^4.0.1", "@changesets/pre": "^3.0.0", "@changesets/read": "^1.0.1", "@changesets/should-skip-package": "^1.0.0", "@changesets/types": "^7.0.0", "@changesets/write": "^1.0.1", "@clack/prompts": "^1.7.0", "@manypkg/get-packages": "^3.1.0", "@pnpm/deps.graph-sequencer": "^1100.0.1", "cac": "^7.0.0", "import-meta-resolve": "^4.2.0", "launch-editor": "^2.14.1", "package-manager-detector": "^1.6.0", "semver": "^7.8.1", "tinyexec": "^1.3.1" }, "bin": { "changeset": "bin.js" } }, "sha512-L1i67bMfkK6iC/kDejuNO4pFgTRcWIObsD6Qof2woP1I4M8tj17DGlcpRaTzTv1DYSP5EMwWdEtR8X0Pj5Jg3Q=="],

    "@changesets/config": ["@changesets/config@4.0.1", "", { "dependencies": { "@changesets/get-dependents-graph": "^3.0.0", "@changesets/should-skip-package": "^1.0.0", "@changesets/types": "^7.0.0", "@manypkg/get-packages": "^3.1.0", "picomatch": "^4.0.7" } }, "sha512-PxpxSQLQSLDjceAgRq+4FWlU+HflDIw03mmPVipxoQx9xrXFUjmqTy3SE+n/2t+DqPdpPiLWVr5NRiLZvjyLwg=="],

    "@changesets/errors": ["@changesets/errors@1.0.0", "", {}, "sha512-ElN/mEzn6zmETgjwf5MclCMa9ef59sAR0lfO8VSYIsiRvbC2FbLB/92EoYw10Sl0kGixxHFiJZUSv7dA+YpR8g=="],

    "@changesets/format": ["@changesets/format@0.1.2", "", { "dependencies": { "package-manager-detector": "^1.8.0", "tinyexec": "^1.3.0" } }, "sha512-Caez5XtNXCFS/G5bwyav3wuXL0tMxVd2ZGbaumWbzN08tyzO21asCw7JZhNtVsAZDCvDRUzZN+Iit9SyRITSYA=="],

    "@changesets/get-dependents-graph": ["@changesets/get-dependents-graph@3.0.0", "", { "dependencies": { "@changesets/types": "^7.0.0", "semver": "^7.8.1" } }, "sha512-ji/t5wFA1zREKXRUePE6Qi+Qu2UgxCeSSGQrphezwvQZrp49B7sJ+8+wvM0tA7zPeSxYKCojDy3WWgrl+s+awg=="],

    "@changesets/get-github-info": ["@changesets/get-github-info@1.0.1", "", { "dependencies": { "dataloader": "^2.2.3" } }, "sha512-ifLQCky/ZtDgZ4xCiUMjnLZSJ8xk52iIzMJbBBPlZWjr2CiTNTaTDddIVWKicrUAdWuLWL7PUw2fNa1yPwLpIg=="],

    "@changesets/git": ["@changesets/git@4.0.1", "", { "dependencies": { "@changesets/errors": "^1.0.0", "@changesets/types": "^7.0.0", "@manypkg/get-packages": "^3.1.0", "picomatch": "^4.0.4", "tinyexec": "^1.3.0" } }, "sha512-6vWpIAC4LkpmlqaIu37ViT5enyd9+uBwAiGqCGhASvkSHBgx4PrtTGXWTMFYpDmZbjgyonyVgMciPrW4MqtJsA=="],

    "@changesets/parse": ["@changesets/parse@1.0.0", "", { "dependencies": { "@changesets/types": "^7.0.0", "yaml": "^2.9.0" } }, "sha512-P0iaMb9p9CRYZiTgAllEIF9AUMQHIy1G72tKlcIqJp61icZSsKQNiOPdxAMZG8m/DvZwt/oz5xEbTpike//dWg=="],

    "@changesets/pre": ["@changesets/pre@3.0.0", "", { "dependencies": { "@changesets/errors": "^1.0.0", "@changesets/types": "^7.0.0", "@manypkg/get-packages": "^3.1.0" } }, "sha512-Zm/6YliV/a2oeWTqHJf6KxLrQwgcK1i/BRDl2m0EKZvbnxV5fG9QRhwJJGshjsZTUTS6dkfURQ2K6aAvgNw/3Q=="],

    "@changesets/read": ["@changesets/read@1.0.1", "", { "dependencies": { "@changesets/git": "^4.0.1", "@changesets/parse": "^1.0.0", "@changesets/types": "^7.0.0" } }, "sha512-nzvSC6RcTiWf/dsuwZFXpLzGGsRHYCL68U3uHV7srsulU93aVWY7u2GEJiDZ+4GIIElfaW5EqtKC0UHroY+LTQ=="],

    "@changesets/should-skip-package": ["@changesets/should-skip-package@1.0.0", "", { "dependencies": { "@changesets/types": "^7.0.0" } }, "sha512-pwqoJmbONn1XgXmZXPEExgAaT+HdZLjALFTDgIm+PnS5KeO2nLtzA2/Q+4aMFY14kFMuXKG30MObhvDzWgzDgg=="],

    "@changesets/types": ["@changesets/types@7.0.0", "", {}, "sha512-c5GoiQyt3pxiXjrWSNoP8/GRf4kG+VnKzovx1OQM8dYYALlSwgedmkPmJ+ZqGxqwg9D3Bkj85Uo4KLd5BN3A0w=="],

    "@changesets/write": ["@changesets/write@1.0.1", "", { "dependencies": { "@changesets/format": "^0.1.1", "@changesets/types": "^7.0.0", "human-id": "^4.2.0" } }, "sha512-q/ThtP9gcnEP6xlv7LrY26C2mHqdGBti/MmOVngt/M/oIGYkssmQGxPK9WzBNt2juVcH/vml2WQ+ra8LXYOTaA=="],

    "@clack/core": ["@clack/core@1.5.1", "", { "dependencies": { "fast-wrap-ansi": "^0.2.0", "sisteransi": "^1.0.5" } }, "sha512-iHTrHA8MtVuLl2TfZySmcKv1qO2PoyC9Z7pfSDozEuV5vtY3/wcOPKJXlqJ5Oq2Cx5DDGQGAMVx6HZfRRoVEbQ=="],

    "@clack/prompts": ["@clack/prompts@1.8.1", "", { "dependencies": { "@clack/core": "1.5.1", "fast-string-width": "^3.0.2", "fast-wrap-ansi": "^0.2.0", "sisteransi": "^1.0.5" } }, "sha512-dlT1m5e/0yUL0kRNcQn7yGLVThkgbB0Ga/1AmfDDC/8ik6AIiSf2QLQO2zPYvefsHP0aFgxO93cVLCCfDp7kzQ=="],

    "@emnapi/core": ["@emnapi/core@1.11.2", "", { "dependencies": { "@emnapi/wasi-threads": "1.2.2", "tslib": "^2.4.0" } }, "sha512-TC8MkTuZUtcTSiFeuC0ksCh9QIJ5+F21MvZ4Wn4ORfYaFJ/0dsiudv5tVkejgwZlwQ39jL9WWDe2lz8x0WglOA=="],

    "@emnapi/runtime": ["@emnapi/runtime@1.11.2", "", { "dependencies": { "tslib": "^2.4.0" } }, "sha512-kyOl3X0DuTiT1h2ft8r2fYO8JYtU9a9Xis/zBSiGArNaagCOWx90N1k2wxp18czFDH+OgcWGb5ZP/XMt3dcyPA=="],

    "@emnapi/wasi-threads": ["@emnapi/wasi-threads@1.2.2", "", { "dependencies": { "tslib": "^2.4.0" } }, "sha512-c95qOXkHdydNKhscBTebqEC1CVAZpyqOfVfBzQ1qgzyl3gfeldUjIggDbIZgDKsHLgnsM+igH7TJ/eAasaVuMA=="],

    "@getlang/ast": ["@getlang/ast@workspace:packages/ast"],

    "@getlang/get": ["@getlang/get@workspace:packages/get"],

    "@getlang/lib": ["@getlang/lib@workspace:packages/lib"],

    "@getlang/parser": ["@getlang/parser@workspace:packages/parser"],

    "@getlang/walker": ["@getlang/walker@workspace:packages/walker"],

    "@getlang/xpath": ["@getlang/xpath@0.0.35-0", "", {}, "sha512-kXe2kSVp0cdra0q1N8px43oKz+jOJ9CiJ1vrDYJ/cEQp0T+DSTMSLf7XdeIiIPqoj/N1bJMdV5eqPyB7wo/G3w=="],

    "@jest/diff-sequences": ["@jest/diff-sequences@30.5.0", "", {}, "sha512-OsqBjHXCn8cadasoAZBP6nWYvMsRhpMzGXTpxJ5aO04NlbdhIz+FVe3q49l0AwVhsz/cEmIpBes6gAFl1/dWQg=="],

    "@jest/get-type": ["@jest/get-type@30.5.0", "", {}, "sha512-9/2VUPitAjmBzbvDvqrxmvB7BzWsBW0WmkkojX1ODuxX1NLGxx9gfaZpHB0z8DtJ9uhGNmZG/VXBhf8uO0OV8Q=="],

    "@jest/react-is-18": ["react-is@18.3.1", "", {}, "sha512-/LLMVyas0ljjAtoYiPqYiL8VWXzUUdThrmU5+n20DZv+a+ClRoevUzw5JxU+Ieh5/c87ytoTBV9G1FiKfNJdmg=="],

    "@jest/react-is-19": ["react-is@19.3.0", "", {}, "sha512-UpMYezM4v5/18F28aC66AEsjXIgE02kyEMH6yLdgLXu/UTfa1Ntwck/nNLrbqJsEXW7gPb0coNO9FQse9WTovA=="],

    "@jest/schemas": ["@jest/schemas@30.5.0", "", { "dependencies": { "@sinclair/typebox": "^0.34.0" } }, "sha512-/hunigyNpc4RCjC0VaW3f5RCUZVM2+WQ65qP7z083Gmvac7or2LI50XVNOtE4YPgBpV0yxYiAgorAPGniCoJmg=="],

    "@manypkg/find-root": ["@manypkg/find-root@3.1.0", "", { "dependencies": { "@manypkg/tools": "^2.1.0" } }, "sha512-BcSqCyKhBVZ5YkSzOiheMCV41kqAFptW6xGqYSTjkVTl9XQpr+pqHhwgGCOHQtjDCv7Is6EFyA14Sm5GVbVABA=="],

    "@manypkg/get-packages": ["@manypkg/get-packages@3.1.0", "", { "dependencies": { "@manypkg/find-root": "^3.1.0", "@manypkg/tools": "^2.1.0" } }, "sha512-0TbBVyvPrP7xGYBI/cP8UP+yl/z+HtbTttAD7FMAJgn/kXOTwh5/60TsqP9ZYY710forNfyV0N8P/IE/ujGZJg=="],

    "@manypkg/tools": ["@manypkg/tools@2.1.2", "", { "dependencies": { "jju": "^1.4.0", "tinyglobby": "^0.2.13", "yaml": "^2.9.0" } }, "sha512-6QEf6yqFbETdwGITKq57aYoPfX/3K8XFNwsAlx0C1M7o8cb79sv1M3w+tWuWvIcSbNqrLF7OD7YpZMVVz335hQ=="],

    "@napi-rs/wasm-runtime": ["@napi-rs/wasm-runtime@1.2.4", "", { "dependencies": { "@tybys/wasm-util": "^0.10.3" }, "peerDependencies": { "@emnapi/core": "^1.7.1 || ^2.0.0-alpha.4", "@emnapi/runtime": "^1.7.1 || ^2.0.0-alpha.4" } }, "sha512-AJxoUD2/15ESHbvpcyjU274nsAPLuOtPHCk0vKJM5pj//Fg/B1FXNWjPnXTT9PymCYYiHo4zPj0ZomXBKhoy7g=="],

    "@oxc-parser/binding-android-arm-eabi": ["@oxc-parser/binding-android-arm-eabi@0.150.0", "", { "os": "android", "cpu": "arm" }, "sha512-oQef2Zu4Prz1KLKznz3HqZzU9uVoA5PMoDZuuLmqms7hKmKSAPzlaMnLllJq3t+rgKmfJJ2siPrpZfFrW06btw=="],

    "@oxc-parser/binding-android-arm64": ["@oxc-parser/binding-android-arm64@0.150.0", "", { "os": "android", "cpu": "arm64" }, "sha512-B6ofpoFiAUwIZ0MJ2IgHPvZK8FAtL4qzSZRwOkAKIfxEobE1mQC8nDdiFZj7pUaJiVUVCsfkMsBJKedzO8rZvA=="],

    "@oxc-parser/binding-darwin-arm64": ["@oxc-parser/binding-darwin-arm64@0.150.0", "", { "os": "darwin", "cpu": "arm64" }, "sha512-J+9IHKzx/bSz1JetOfD4zKXSK9sOm4/a7+0qomJODcTL6JsRXGeV/ZdkAPSIDydfFmWzYCraMlQEosSZEyBYkQ=="],

    "@oxc-parser/binding-darwin-x64": ["@oxc-parser/binding-darwin-x64@0.150.0", "", { "os": "darwin", "cpu": "x64" }, "sha512-v6IPfcAcSYrBWXV5Tce1DmxDMXLhEYpIIWiRFPJopgCVscZdLaV4MRQOUxvL3usQlw+yrwYOjBFB9IwBx+jUiQ=="],

    "@oxc-parser/binding-freebsd-x64": ["@oxc-parser/binding-freebsd-x64@0.150.0", "", { "os": "freebsd", "cpu": "x64" }, "sha512-AoR/4jD02HET0KO0yNT4nbTE+XJUxiO9jB1X/ycEjUE3WrIJ3IjV/Vf+gskhWLcqqeXfvNnkDtBR7epllAm88A=="],

    "@oxc-parser/binding-linux-arm-gnueabihf": ["@oxc-parser/binding-linux-arm-gnueabihf@0.150.0", "", { "os": "linux", "cpu": "arm" }, "sha512-A/hycCFjLUrCmLoL5O/vBp40ohlaXO1Ta3v5hqYZxicYFs129wZmgZJggcW4mYGYbZebQLhup+N8JjeQl8qwyw=="],

    "@oxc-parser/binding-linux-arm-musleabihf": ["@oxc-parser/binding-linux-arm-musleabihf@0.150.0", "", { "os": "linux", "cpu": "arm" }, "sha512-pbqahg1Pkz7J4RKmXm30s/iQu99hv64ayXCu8P4p75HcEH5azOdR4eGqiB6lFGkFR3mMpzaYsSKLkS8oJbjmeQ=="],

    "@oxc-parser/binding-linux-arm64-gnu": ["@oxc-parser/binding-linux-arm64-gnu@0.150.0", "", { "os": "linux", "cpu": "arm64" }, "sha512-HV11aRbBQGwqv8bEo+K/6qr88uB4fEe1mhXncMhlVCrj+WpBSraxrUzHaPVmeQRU6x6x8v/3DuCbbo93rpp+fw=="],

    "@oxc-parser/binding-linux-arm64-musl": ["@oxc-parser/binding-linux-arm64-musl@0.150.0", "", { "os": "linux", "cpu": "arm64" }, "sha512-k6pVkJqALwtEuP4zukVhGRhdIy4+ofChUIUUsAHHyqDZlNsknmel3JjbggrJiWGaes6h/dIcWmEXsKW4SmK9oQ=="],

    "@oxc-parser/binding-linux-ppc64-gnu": ["@oxc-parser/binding-linux-ppc64-gnu@0.150.0", "", { "os": "linux", "cpu": "ppc64" }, "sha512-tEFg39mw/rHO5n8GK2DR4ZMFfsPQZtnQIPbsIpjoQRomJc/2tRfsCSmCT6gNit+NZGoeJG5aH9ATDH5bf0WnoQ=="],

    "@oxc-parser/binding-linux-riscv64-gnu": ["@oxc-parser/binding-linux-riscv64-gnu@0.150.0", "", { "os": "linux", "cpu": "none" }, "sha512-0JO7IFkoek6HqV589Menx3hJySNXi6quRhO4tq2P7kpEHKEXoDATnoPVUpn5B7gDH2KLkdo751N0uIrGJFCTCw=="],

    "@oxc-parser/binding-linux-riscv64-musl": ["@oxc-parser/binding-linux-riscv64-musl@0.150.0", "", { "os": "linux", "cpu": "none" }, "sha512-7XPzREnyAS5wHU9aB+49Uaqgoo1gVCklHc3DRlc3fJy2tXD/eAJFN1QFz/crj+Ulup5P1+axNREF+/RGaB/IRA=="],

    "@oxc-parser/binding-linux-s390x-gnu": ["@oxc-parser/binding-linux-s390x-gnu@0.150.0", "", { "os": "linux", "cpu": "s390x" }, "sha512-7n7ZxcbRWDFaTdyj8M8p0O9OfzoMKm8O6syBAIgcSutbOALq0Bb9G52Me+XH0anMLZV+NgXc726gqgG2q39vcQ=="],

    "@oxc-parser/binding-linux-x64-gnu": ["@oxc-parser/binding-linux-x64-gnu@0.150.0", "", { "os": "linux", "cpu": "x64" }, "sha512-Vx0GSA9ZCRTUiczoEQnIIyXkMvtEY8uc6IiwLQtMe5ci2sXPqjrry0Ek5fsPP1k2kCzkML3ow9UOOEgnEDi7Bw=="],

    "@oxc-parser/binding-linux-x64-musl": ["@oxc-parser/binding-linux-x64-musl@0.150.0", "", { "os": "linux", "cpu": "x64" }, "sha512-ii4/9m3viDLssMnfXU7/Pni/3nYplApuGayceX4qsVGaqqQJCx3tHIH9M/HWIeSty5i8LjS21zPYT6lVIkwLxw=="],

    "@oxc-parser/binding-openharmony-arm64": ["@oxc-parser/binding-openharmony-arm64@0.150.0", "", { "os": "none", "cpu": "arm64" }, "sha512-ZtoxX5rez36ZWkwtiEhjkCPnlTPoQ2I7lIL0IYZ1yjxMYohbvoOjBmUIZzrf9W/HouONq0omIfTeCWEY+R380w=="],

    "@oxc-parser/binding-win32-arm64-msvc": ["@oxc-parser/binding-win32-arm64-msvc@0.150.0", "", { "os": "win32", "cpu": "arm64" }, "sha512-VqeRb5JX/bKYBrff7TUDvJyKY0914UzuCkuXIGxJS4FUmvMNfqkCbc7Sq90iMz9DlmAtlggwaBYQ9eg3h3ltiw=="],

    "@oxc-parser/binding-win32-ia32-msvc": ["@oxc-parser/binding-win32-ia32-msvc@0.150.0", "", { "os": "win32", "cpu": "ia32" }, "sha512-EPqJfeZ4Pgg2BJSsCV8GozxV0FDltRzpVtGVa1r2noJu1iu+opOw3gtBWXwIo9odCT/MdFfyHxdy0/CRqs3OqA=="],

    "@oxc-parser/binding-win32-x64-msvc": ["@oxc-parser/binding-win32-x64-msvc@0.150.0", "", { "os": "win32", "cpu": "x64" }, "sha512-n5YMzbqwPQqozbkrexi0lNZrUz5cnPHalYpFWe6Dau7AmKIWNo+y24IwzDuZEQtEdUHuKhXmMMih/MPjOI+CMw=="],

    "@oxc-project/types": ["@oxc-project/types@0.150.0", "", {}, "sha512-rDS5/31E9HfPl/CIzGrn0DOlvBbXFseQ5URJ9sYMfstbKLD/c6Gm9vmRzRGDdAXyOIL4zmO37lc9RIwYqVruZw=="],

    "@oxc-resolver/binding-android-arm-eabi": ["@oxc-resolver/binding-android-arm-eabi@11.24.2", "", { "os": "android", "cpu": "arm" }, "sha512-y09e0L0SRI2OA2tUIrjBgoV3eH5hvUKXNkJqXmNo5V2WxIjyC7I7aJfRLMEVpA8yi95f90gFDvO0VMgrDw+vwA=="],

    "@oxc-resolver/binding-android-arm64": ["@oxc-resolver/binding-android-arm64@11.24.2", "", { "os": "android", "cpu": "arm64" }, "sha512-cl4icWaZFnLdg8m6qtnh5rBMuGbxc/ptStFHLeCNwr+2cZjkjNwQu/jYRS0CHlnPecOJMpuS5M6/BH+0J/YkEg=="],

    "@oxc-resolver/binding-darwin-arm64": ["@oxc-resolver/binding-darwin-arm64@11.24.2", "", { "os": "darwin", "cpu": "arm64" }, "sha512-At29QEMF6HajbQvgY8K6OXnHD1x9rad74xBEfmCB6ZqCGsdq75aK7tOYcTbOanMy8qdIBrfL3SMr3p/lfSlb9w=="],

    "@oxc-resolver/binding-darwin-x64": ["@oxc-resolver/binding-darwin-x64@11.24.2", "", { "os": "darwin", "cpu": "x64" }, "sha512-A5Kqr1EUj4oIL5CF4WRssq/o5P0Y11cwoFouMRmQ7YnC/A8V93nv1nb7aSU8HwcgmXropjLNkVTl4MN87cu28Q=="],

    "@oxc-resolver/binding-freebsd-x64": ["@oxc-resolver/binding-freebsd-x64@11.24.2", "", { "os": "freebsd", "cpu": "x64" }, "sha512-R5xkRBRRz7ceH/P5Jrc6G7FmdUdgpLYyESFAUDVTNQ9K0sGPxcp4ljiwEwEqsvNcQ4sYbMRrWcHHBCu7ksAJVw=="],

    "@oxc-resolver/binding-linux-arm-gnueabihf": ["@oxc-resolver/binding-linux-arm-gnueabihf@11.24.2", "", { "os": "linux", "cpu": "arm" }, "sha512-k/RuYL4L/R58IBn3wT5ma3Wh4k62bp1eYCFRWCmMsasUOqL+H6sW0VGFadEzKWXFFlz+2uIMoeMk9ySSZJHgbg=="],

    "@oxc-resolver/binding-linux-arm-musleabihf": ["@oxc-resolver/binding-linux-arm-musleabihf@11.24.2", "", { "os": "linux", "cpu": "arm" }, "sha512-bnHAak3ujYfH5pKk4NieFNbvYvernfoQDgwLddbZ3OtMYrem87/qjlA+u+aKG0oZcqSLGCful/6/CEA+aeAgaA=="],

    "@oxc-resolver/binding-linux-arm64-gnu": ["@oxc-resolver/binding-linux-arm64-gnu@11.24.2", "", { "os": "linux", "cpu": "arm64" }, "sha512-vDT3KHgzYp47gmtNOqL2VNhCyl5Zv643eyxm//A68J8DeUGXrvD1pZFiaT4jSfe+RInfnn1R2yVHye4enx6RnA=="],

    "@oxc-resolver/binding-linux-arm64-musl": ["@oxc-resolver/binding-linux-arm64-musl@11.24.2", "", { "os": "linux", "cpu": "arm64" }, "sha512-+kMlQvbzfyEYtu5FcjE4p+ttBLpKW4d/AsAsuE69BxV6V4twZJeIQZFfD8gh/wqglY0MkPSezWXQH0jBV13MUw=="],

    "@oxc-resolver/binding-linux-ppc64-gnu": ["@oxc-resolver/binding-linux-ppc64-gnu@11.24.2", "", { "os": "linux", "cpu": "ppc64" }, "sha512-shjfMhmZ3gq9fv/w7bi3PnZlgOPG+2QAOFf0BJF0EgBSIGZ6PMLN2zbGEblTUYB/NKVDRyYhE2ff3dJ1QqNPkA=="],

    "@oxc-resolver/binding-linux-riscv64-gnu": ["@oxc-resolver/binding-linux-riscv64-gnu@11.24.2", "", { "os": "linux", "cpu": "none" }, "sha512-zGelwFR5oRo+b69k8Lrzun86DyUHzfKN6cnjbR9l7Z7NIRznOE/2ZvPa1IUKqAL2PzAXOdwkfVqNvO1H2RlpAw=="],

    "@oxc-resolver/binding-linux-riscv64-musl": ["@oxc-resolver/binding-linux-riscv64-musl@11.24.2", "", { "os": "linux", "cpu": "none" }, "sha512-qxZ1SWCXJY0eyhAlP6Lmo9F2Nrtx7EkYj9oCgL8apDPCwXwCEDA2U697bbT81JIc2IrVjxO4KX6WU2N+oN9Z4w=="],

    "@oxc-resolver/binding-linux-s390x-gnu": ["@oxc-resolver/binding-linux-s390x-gnu@11.24.2", "", { "os": "linux", "cpu": "s390x" }, "sha512-sGCecF3cx2DFlH4t/z7ApnOnXqN48p5p5mlHDEnHTAukQa2P+qMVE4CwyWE9W+q/m3QJ7kKfGrIjax31f44oFQ=="],

    "@oxc-resolver/binding-linux-x64-gnu": ["@oxc-resolver/binding-linux-x64-gnu@11.24.2", "", { "os": "linux", "cpu": "x64" }, "sha512-k/VlMMcSzMlahb3/fENM4rTlsJ0s3fFROA0KXPBmKggqmTSaE383sl8F3KCOXPLmVsYfW6hCitMhXCEtNeZxxg=="],

    "@oxc-resolver/binding-linux-x64-musl": ["@oxc-resolver/binding-linux-x64-musl@11.24.2", "", { "os": "linux", "cpu": "x64" }, "sha512-8hbnZyNi97b/8wapYaIF9+t9GmZKBW2vunaOc3h9HGJptH7b7XpvZqOTBSm/MpTjr7H497BlgOaSfLUdhmy2bw=="],

    "@oxc-resolver/binding-openharmony-arm64": ["@oxc-resolver/binding-openharmony-arm64@11.24.2", "", { "os": "none", "cpu": "arm64" }, "sha512-MvyGik3a6pVgZ0t/kWlbmFxFLmXQJwgLsY2eYFHLpy0wGwRbfzeIGgDwQ3kXqE30z+kSXennRkCrT7TUvkptNg=="],

    "@oxc-resolver/binding-wasm32-wasi": ["@oxc-resolver/binding-wasm32-wasi@11.24.2", "", { "dependencies": { "@emnapi/core": "1.11.2", "@emnapi/runtime": "1.11.2", "@napi-rs/wasm-runtime": "^1.1.6" }, "cpu": "none" }, "sha512-vHcssMPwO08RTvj/c0iOBz90attxyG3wQJ0dTcyEQK43LRpcdLWZlV5feBhv6Isn6ahbQIzHbCgfa81+RiML0Q=="],

    "@oxc-resolver/binding-win32-arm64-msvc": ["@oxc-resolver/binding-win32-arm64-msvc@11.24.2", "", { "os": "win32", "cpu": "arm64" }, "sha512-uokJqro2iBqkFvJdKQLP7d8/BUmFwESQFVmIJUQKj1Xn1a/LysJoe1vmeECLF5b3jsV8CAL5sEMJXX6SdK9Nhg=="],

    "@oxc-resolver/binding-win32-x64-msvc": ["@oxc-resolver/binding-win32-x64-msvc@11.24.2", "", { "os": "win32", "cpu": "x64" }, "sha512-UqGPmo56KDfLlfXFAFIrNflHT8tFxWGEivWg3Zeyp4Uy2NlKN1FGPr6/BxcLGG3+kZ6Wp14g5Uj+n71boqZfiw=="],

    "@pnpm/deps.graph-sequencer": ["@pnpm/deps.graph-sequencer@1100.0.1", "", {}, "sha512-pOr5+q1fLYKwFN3LAJuGZEnfXDcQ73zqgDHMtGy+K+uIoUqyY+6MeDCWFwfu+4EFuq76I5EPFofoNAI+Bmmq4A=="],

    "@sinclair/typebox": ["@sinclair/typebox@0.34.52", "", {}, "sha512-XiMQh7qqVlxZzcVD+kkGMNGMzcTrDMLWI7S4x7z1MkCkbDPrekpZXEUK0eZqZFMuHQg2a2DZOcDIh9o5v3Gonw=="],

    "@tybys/wasm-util": ["@tybys/wasm-util@0.10.4", "", { "dependencies": { "tslib": "^2.4.0" } }, "sha512-W3c4gRigFS0T/Ma4qIYF3GDAc5AQdHb1yL5znJT1Zv1YaD9Kitx656wBjvr19qbiosmZT8lWDM5BEMynUqX65A=="],

    "@types/bun": ["@types/bun@1.4.2", "", { "dependencies": { "bun-types": "1.4.2" } }, "sha512-GimotNn7+ZV0uVArItBbriZsR1oNf0+WTzPkdcFrzShI7k2norL0uzEaJT8T33dWr7O/c9ZDuAFQrctKCi72oQ=="],

    "@types/esquery": ["@types/esquery@1.5.4", "", { "dependencies": { "@types/estree": "*" } }, "sha512-yYO4Q8H+KJHKW1rEeSzHxcZi90durqYgWVfnh5K6ZADVBjBv2e1NEveYX5yT2bffgN7RqzH3k9930m+i2yBoMA=="],

    "@types/estree": ["@types/estree@1.0.9", "", {}, "sha512-GhdPgy1el4/ImP05X05Uw4cw2/M93BCUmnEvWZNStlCzEKME4Fkk+YpoA5OiHNQmoS7Cafb8Xa3Pya8m1Qrzeg=="],

    "@types/estree-jsx": ["@types/estree-jsx@1.0.5", "", { "dependencies": { "@types/estree": "*" } }, "sha512-52CcUVNFyfb1A2ALocQw/Dd1BQFNmSdkuC3BkZ6iqhdMfQz7JWOFRuJFloOzjk+6WijU56m9oKXFAXc7o3Towg=="],

    "@types/lodash": ["@types/lodash@4.17.25", "", {}, "sha512-+K1NIO8I+F9/wNulfVvu23QYd0Pe9/OCqRrim4NoYIf1VoEDL90Ve4ClzpyqBLc7NpGGWRvYNCKZ1BE/Jpf8dQ=="],

    "@types/lodash-es": ["@types/lodash-es@4.17.12", "", { "dependencies": { "@types/lodash": "*" } }, "sha512-0NgftHUcV4v34VhXm8QBSftKVXtbkBG3ViCjs6+eJ5a6y6Mi/jiFGPc1sC7QK+9BFhWrURE3EOggmWaSxL9OzQ=="],

    "@types/moo": ["@types/moo@0.5.10", "", {}, "sha512-W6KzyZjXUYpwQfLK1O1UDzqcqYlul+lO7Bt71luyIIyNlOZwJaNeWWdqFs1C/f2hohZvUFHMk6oFNe9Rg48DbA=="],

    "@types/nearley": ["@types/nearley@2.11.5", "", {}, "sha512-dM7TrN0bVxGGXTYGx4YhGear8ysLO5SOuouAWM9oltjQ3m9oYa13qi8Z1DJp5zxVMPukvQdsrnZmgzpeuTSEQA=="],

    "@types/node": ["@types/node@26.6.1", "", { "dependencies": { "undici-types": "~8.9.0" } }, "sha512-VqGJBMCtdhqkBUCcBLvywI0NJ+KLuVzgNnlBUNFOQjqVxzo2lxLUNg1DSey8+u2u6ktswSAxg+s68QLzWHNOuA=="],

    "@typescript/typescript-aix-ppc64": ["@typescript/typescript-aix-ppc64@7.0.2", "", { "os": "aix", "cpu": "ppc64" }, "sha512-MTKKkWB7p/0E9xi1d1tHtZ5PiLkGEMIq88pK2CubZjOsLtYTLqhgIgi6zepFa+9GHZ6h05NMCkQxGKiPXMxXtQ=="],

    "@typescript/typescript-darwin-arm64": ["@typescript/typescript-darwin-arm64@7.0.2", "", { "os": "darwin", "cpu": "arm64" }, "sha512-gowzar9MwS/aRWp6f3a4KUqzRjAZjOsmGNCM6LcTgXum+dBfgsBVMN+AgvOCCbguXyick6LJhpBszxMebJ8syA=="],

    "@typescript/typescript-darwin-x64": ["@typescript/typescript-darwin-x64@7.0.2", "", { "os": "darwin", "cpu": "x64" }, "sha512-SZ9xZInqApNlNGc9s0W1VSsktYSOe9cFqNOIqmN1Gs8SmkjKZYFt017G4VwPxASInODuAdbTW7sXiFUf893RgA=="],

    "@typescript/typescript-freebsd-arm64": ["@typescript/typescript-freebsd-arm64@7.0.2", "", { "os": "freebsd", "cpu": "arm64" }, "sha512-W5NH4y/J0plIIS5b2xvTEkU7JFxyqdMAOgf+Ilhl0vHQXKO5dZoxd+C/jEtq56c4F3wk71RB4BMRQ2XdI+bwYQ=="],

    "@typescript/typescript-freebsd-x64": ["@typescript/typescript-freebsd-x64@7.0.2", "", { "os": "freebsd", "cpu": "x64" }, "sha512-UMGDx5sTpzNw3WiPebH7l90IWfJggEd+egHt/q6p7/Cm3zqoV7VxkGXt+3DxPIw8CcmvAB0j3sVVfbhX+M4Tpw=="],

    "@typescript/typescript-linux-arm": ["@typescript/typescript-linux-arm@7.0.2", "", { "os": "linux", "cpu": "arm" }, "sha512-gffT3xPz9sR7j/YJExkyPntrI0P2EP9XbOyWzth2/Gs0RstK+90RBcO0ncXoXy/beYll1SXw846Nf2zdnEz0QQ=="],

    "@typescript/typescript-linux-arm64": ["@typescript/typescript-linux-arm64@7.0.2", "", { "os": "linux", "cpu": "arm64" }, "sha512-Qh4eU4/y3yDjnfjjyPYihMj5/ODIlmt+Bzu17OI+fiSRDW57QmU5SiN63exPRNJPKUzcc1INa1NXdrJ+MqHjUQ=="],

    "@typescript/typescript-linux-loong64": ["@typescript/typescript-linux-loong64@7.0.2", "", { "os": "linux", "cpu": "none" }, "sha512-uEHck9i8hoAzXPiYRib1O7miOnz23SxIeVl6F4LXox+qov1K35jHcEW6VHKvZI+pyvl7fZEP4MCU5LYvIq1GuQ=="],

    "@typescript/typescript-linux-mips64el": ["@typescript/typescript-linux-mips64el@7.0.2", "", { "os": "linux", "cpu": "none" }, "sha512-R4KvAMnE43W5Qeqb0Ly56O3mWMWIAgsMyz36DCaycd5nbg/9kzm0liw3JocfRqyJY0KPmzFjbswozXyW0DnIYA=="],

    "@typescript/typescript-linux-ppc64": ["@typescript/typescript-linux-ppc64@7.0.2", "", { "os": "linux", "cpu": "ppc64" }, "sha512-DORx5b3sd/4S7eayxm4FQv+A7CrkUIGRaHiwI8oiHTAI1fAPWhF4J0vAlkC8biAlHSVVwxMQ3tjZ2/DVbnQiiA=="],

    "@typescript/typescript-linux-riscv64": ["@typescript/typescript-linux-riscv64@7.0.2", "", { "os": "linux", "cpu": "none" }, "sha512-wf0jqEDOjrPRnKwYRyyJDRo11KMbvMFrU+q4zqKyChODBzvlkbhNQfKvLxQCcwTpdDaXSHZTVuh0JoCrKCUMHQ=="],

    "@typescript/typescript-linux-s390x": ["@typescript/typescript-linux-s390x@7.0.2", "", { "os": "linux", "cpu": "s390x" }, "sha512-IkwJc3L7yhytWd/ewjyxNDfOmswCm9GWMJT/ue/dU4aZNbwZeYAetq42VyLmsmSjvoX7z74X6ZaYCtzAr0EuGw=="],

    "@typescript/typescript-linux-x64": ["@typescript/typescript-linux-x64@7.0.2", "", { "os": "linux", "cpu": "x64" }, "sha512-EYdf2cNg7rgCWJnxCdJ+F3V39O8ihb37eHAu1LK8oAFizgTQbPOK7zHHXbPt8rX24COqODXeI3sIf0fCXG7H/A=="],

    "@typescript/typescript-netbsd-arm64": ["@typescript/typescript-netbsd-arm64@7.0.2", "", { "os": "none", "cpu": "arm64" }, "sha512-+polYF4MF04aPpO5FTkHran9yUQDSXqy5GiSDKpsll5jy3l3+g9QLhpf39T+ePtefhXLOGrLl0QIjkQP6VnelA=="],

    "@typescript/typescript-netbsd-x64": ["@typescript/typescript-netbsd-x64@7.0.2", "", { "os": "none", "cpu": "x64" }, "sha512-8YIT0EHM/3dq10ZOVF/A7pc/YSMtbcecct4rWtexrnSCHOPcpC2KTLXfTCR6vDpnSiY12heNb1GiN/wu+T/FyA=="],

    "@typescript/typescript-openbsd-arm64": ["@typescript/typescript-openbsd-arm64@7.0.2", "", { "os": "openbsd", "cpu": "arm64" }, "sha512-APT8+ClYnuYm1u9+kgGXoMj2VzWzcymwh2gNSQVySHfkRDGOTVkoWLjCmOQSaO+PoqQ57B0flRp9SA+7GnnkzQ=="],

    "@typescript/typescript-openbsd-x64": ["@typescript/typescript-openbsd-x64@7.0.2", "", { "os": "openbsd", "cpu": "x64" }, "sha512-yX7s+Q0Dln0Dt9tEzZsAjXXR/+ytBM7AlglaqyeMPxQszJ1JhlJdZ6jLA+IzldHtflX81em7lDao1xXu+aRRkg=="],

    "@typescript/typescript-sunos-x64": ["@typescript/typescript-sunos-x64@7.0.2", "", { "os": "sunos", "cpu": "x64" }, "sha512-dLJDGaLZ1D4HPQn62u1n8mBDkJREwMsAkCdkwd4Ieqw+x3TUyTsqY0YiBCtE6H6OzzgGk3iuZ3vFWRS+E8/d1g=="],

    "@typescript/typescript-win32-arm64": ["@typescript/typescript-win32-arm64@7.0.2", "", { "os": "win32", "cpu": "arm64" }, "sha512-Gyl1Vy6OsWesLzmq+EP0Fb7b4Nid5232AvcA2SFcdYreldpNtYFFofPjnt62y9hQy7VTaZp65ICJjuAQRaVcIQ=="],

    "@typescript/typescript-win32-x64": ["@typescript/typescript-win32-x64@7.0.2", "", { "os": "win32", "cpu": "x64" }, "sha512-0BQ3HkAHHlKLSp1qRvf3SUhGpGsDuhB/jgFw75guyqbxJqEaS0Cw/VFO8i2nHglJUzQCRtMMR/IBAKE3ETMC4g=="],

    "acorn": ["acorn@8.18.0", "", { "bin": { "acorn": "bin/acorn" } }, "sha512-lGq+9yr1/GuAWaVYIHRjvvySG5/4VfKIvC8EWxStPdcDh/Ka7FG3twP6v4d5BkravUilhIAsG4Qj83t02LWUPQ=="],

    "ansi-styles": ["ansi-styles@4.3.0", "", { "dependencies": { "color-convert": "^2.0.1" } }, "sha512-zbB9rCJAT1rbjiVDb2hqKFHNYLxgtk8NURxZ3IZwD3F6NtxbXZQCnnSi1Lkx+IDohdPlFp222wVALIheZJQSEg=="],

    "boolbase": ["boolbase@2.0.0", "", {}, "sha512-DkVaaQHymRhpYEYo9x1oo7Q7B0Y6KJUsjm3c9eTyFDby4MHLBTwZ6ZDWBel5zrYxj1WsZgC5oLpiz+93MluXeA=="],

    "bun-types": ["bun-types@1.4.2", "", { "dependencies": { "@types/node": "*" } }, "sha512-bxV1FgK7yBIzjRe5zBozIM4Bem11ZJcCXSrjWRG3YWLt8yFDePu4cLjpebO8OvPeIE9trbyPF4fuj3Cia4Fj3w=="],

    "cac": ["cac@7.0.0", "", {}, "sha512-tixWYgm5ZoOD+3g6UTea91eow5z6AAHaho3g0V9CNSNb45gM8SmflpAc+GRd1InC4AqN/07Unrgp56Y94N9hJQ=="],

    "chalk": ["chalk@4.1.2", "", { "dependencies": { "ansi-styles": "^4.1.0", "supports-color": "^7.1.0" } }, "sha512-oKnbhFyRIXpUuez8iBMmyEa4nbj4IOQyuhc/wy9kY7/WVPcwIO9VA668Pu8RkO7+0G76SLROeyw9CpQ061i4mA=="],

    "color-convert": ["color-convert@2.0.1", "", { "dependencies": { "color-name": "~1.1.4" } }, "sha512-RRECPsj7iu/xb5oKYcsFHSppFNnsj/52OVTRKb4zP5onXwVF3zVmmToNcOfGC+CRDpfK/U584fMg38ZHCaElKQ=="],

    "color-name": ["color-name@1.1.4", "", {}, "sha512-dOy+3AuW3a2wNbZHIuMZpTcgjGuLU/uBL/ubcZF9OXbDo8ff4O8yVp5Bf0efS8uEoYo5q4Fx7dY9OgQGXgAsQA=="],

    "commander": ["commander@2.20.3", "", {}, "sha512-GpVkmM8vF2vQUkj2LvZmD35JxeJOLCwJ9cUkugyk2nuhbv3+mJvpLYYt+0+USMxE+oj+ey/lJEnhZw75x/OMcQ=="],

    "css-select": ["css-select@7.0.0", "", { "dependencies": { "boolbase": "^2.0.0", "css-what": "^8.0.0", "domhandler": "^6.0.1", "domutils": "^4.0.2", "nth-check": "^3.0.1" } }, "sha512-snmjEVXy+1LnwXdxhYvTMj1d9tOh4HxkA1YmoayVBeeyR2C14Pum7fcxJIm4SswYspVy866eYNwlH6xC3/VH5g=="],

    "css-what": ["css-what@8.0.0", "", {}, "sha512-DH0Bqq3DNp5tdOReuNyAA+Ev4Y2GS5FMbZpeTLP6C4CDi0h5nL0BmUPChXw3o/qbHLDWHl49sbNqQVY7bMSDdw=="],

    "dataloader": ["dataloader@2.2.3", "", {}, "sha512-y2krtASINtPFS1rSDjacrFgn1dcUuoREVabwlOGOe4SdxenREqwjwjElAdwvbGM7kgZz9a3KVicWR7vcz8rnzA=="],

    "dedent": ["dedent@1.7.2", "", { "peerDependencies": { "babel-plugin-macros": "^3.1.0" }, "optionalPeers": ["babel-plugin-macros"] }, "sha512-WzMx3mW98SN+zn3hgemf4OzdmyNhhhKz5Ay0pUfQiMQ3e1g+xmTJWp/pKdwKVXhdSkAEGIIzqeuWrL3mV/AXbA=="],

    "discontinuous-range": ["discontinuous-range@1.0.0", "", {}, "sha512-c68LpLbO+7kP/b1Hr1qs8/BJ09F5khZGTxqxZuhzxpmwJKOgRFHJWIb9/KmqnqHhLdO55aOxFH/EGBvUQbL/RQ=="],

    "dom-serializer": ["dom-serializer@3.1.1", "", { "dependencies": { "domelementtype": "^3.0.0", "domhandler": "^6.0.0", "entities": "^8.0.0" } }, "sha512-4MEa38/QexBob6gFNwu+EGdWvhJ1OKuNwdYY3Y3NyeWDQfnGeDYQUDfIRzWu5B5gsv03so2Uxd28YC6zrsx3Lw=="],

    "domelementtype": ["domelementtype@3.0.0", "", {}, "sha512-umCQid3jKbDmVjx8jGaW7uUykm4DEUeyV21hPxNMo2nV955DhUThwqyOIDtreepP31hl84X7G5U9ZfsWvIB3Pg=="],

    "domhandler": ["domhandler@6.0.1", "", { "dependencies": { "domelementtype": "^3.0.0" } }, "sha512-gYzvtM72ZtxQO0T048kd6HWSbbGCNOUwcnfQ01cqIJ4X2IYKFFHZ5mKvrQETcFXxsRObZulDaKmy//R7TPtsBg=="],

    "domutils": ["domutils@4.0.2", "", { "dependencies": { "dom-serializer": "^3.0.0", "domelementtype": "^3.0.0", "domhandler": "^6.0.0" } }, "sha512-qI4JLRKnSzqFqr7hAlS5xQDusBCjKSEG4t4+7aNrIQMHBcsC2TGEhuyABJdYkgSewL57PNLYEiibY2iPKhKpaA=="],

    "entities": ["entities@8.1.0", "", {}, "sha512-kxL7msIffSuh9aaFAMD7rxAIuTRMAHMeBtgHW2yUdWw732ZNh4MehkF2gdjvtdmikkaIP9bFDDJOPlsvm7avrA=="],

    "esquery": ["esquery@1.7.0", "", { "dependencies": { "estraverse": "^5.1.0" } }, "sha512-Ap6G0WQwcU/LHsvLwON1fAQX9Zp0A2Y6Y/cJBl9r/JbW90Zyg4/zbG6zzKa2OTALELarYHmKu0GhpM5EO+7T0g=="],

    "estraverse": ["estraverse@5.3.0", "", {}, "sha512-MMdARuVEQziNTeJD8DgMqmhwR11BRQ/cBP+pLtYdSTnf3MIO8fFeiINEbX36ZdNlfU/7A9f3gUw49B3oQsvwBA=="],

    "estree-toolkit": ["estree-toolkit@1.7.14", "", { "dependencies": { "@types/estree": ">=1.0.8", "@types/estree-jsx": ">=1.0.5" } }, "sha512-UD46XPj9xCQ+5r+JRv1qdaJuWLbQaconfnFHWOc20ugbHzZSOO6/A+vye46arVxbOSr/KnzRzKfnp9SJ0IqaUw=="],

    "fast-string-truncated-width": ["fast-string-truncated-width@3.0.3", "", {}, "sha512-0jjjIEL6+0jag3l2XWWizO64/aZVtpiGE3t0Zgqxv0DPuxiMjvB3M24fCyhZUO4KomJQPj3LTSUnDP3GpdwC0g=="],

    "fast-string-width": ["fast-string-width@3.0.2", "", { "dependencies": { "fast-string-truncated-width": "^3.0.2" } }, "sha512-gX8LrtNEI5hq8DVUfRQMbr5lpaS4nMIWV+7XEbXk2b8kiQIizgnlr12B4dA3ZEx3308ze0O4Q1R+cHts8kyUJg=="],

    "fast-wrap-ansi": ["fast-wrap-ansi@0.2.2", "", { "dependencies": { "fast-string-width": "^3.0.2" } }, "sha512-7F2Fl+TjRSenLqlU3UjSH0iyqopqoZIu7eZVpEirP2g1GtWa2G/ecEmBdgz31+Mxr+ELclgg6sokpSFIQiZ02Q=="],

    "fd-package-json": ["fd-package-json@2.0.0", "", { "dependencies": { "walk-up-path": "^4.0.0" } }, "sha512-jKmm9YtsNXN789RS/0mSzOC1NUq9mkVd65vbSSVsKdjGvYXBuE4oWe2QOEoFeRmJg+lPuZxpmrfFclNhoRMneQ=="],

    "fdir": ["fdir@6.5.0", "", { "peerDependencies": { "picomatch": "^3 || ^4" }, "optionalPeers": ["picomatch"] }, "sha512-tIbYtZbucOs0BRGqPJkshJUYdL+SDH7dVM8gjy+ERp3WAUjLEFJE+02kanyHtwjWOnwrKYBiwAmM0p4kLJAnXg=="],

    "formatly": ["formatly@0.7.0", "", { "dependencies": { "fd-package-json": "^2.0.0", "package-manager-detector": "^1.8.0" }, "bin": { "formatly": "bin/index.mjs" } }, "sha512-7CXJtIIA0zy/u12StsYk25qVKxvdLA2ep2sTNxK3ov0mGNIIDqIvAXDSgTnAfDJFsPfWjuz0WjfYSdpvnLA5Tg=="],

    "get-tsconfig": ["get-tsconfig@4.14.3", "", { "dependencies": { "resolve-pkg-maps": "^1.0.0" } }, "sha512-++QEw4DIY7WGoukz+/+A/8dGYPT9l9yIadnmSgZ8Rjr3YVSVDipQSO9CdnJo9ePqFqUUqh+wk9uIaoiAwsiPkA=="],

    "globals": ["globals@17.12.0", "", {}, "sha512-cezEd/DTyyht9cvSSURyygXPfy04GtWO/5e6ZPvH7fCtjKz9PYOmuawphw1Ctd1f6C+5JypXfGD7ahNMXvevBA=="],

    "has-flag": ["has-flag@4.0.0", "", {}, "sha512-EykJT/Q1KjTWctppgIAgfSO0tKVuZUjhgMr17kqTumMl6Afv3EISleU7qZUzoXDFTAHTDC4NOoG/ZxU3EvlMPQ=="],

    "human-id": ["human-id@4.2.1", "", { "bin": { "human-id": "dist/cli.js" } }, "sha512-zPGsiS+dWoTZtZ4AtpA9Y+BdSFSNWvnouNlWNoUFyAM6xHOHmdCvqO3k8AIbdamCOv4gUFUVNPf6rJFfc4UiJw=="],

    "import-meta-resolve": ["import-meta-resolve@4.2.0", "", {}, "sha512-Iqv2fzaTQN28s/FwZAoFq0ZSs/7hMAHJVX+w8PZl3cY19Pxk6jFFalxQoIfW2826i/fDLXv8IiEZRIT0lDuWcg=="],

    "jest-diff": ["jest-diff@30.5.1", "", { "dependencies": { "@jest/diff-sequences": "30.5.0", "@jest/get-type": "30.5.0", "chalk": "^4.1.2", "pretty-format": "30.5.1" } }, "sha512-e3cNNMpv8Kh20MjjphTXs+3Vz7DQyLM1nft7KJhnh46atFhjVJRa+0Hq0beywuwsACtMQUBihQkFl8zxb7gt1Q=="],

    "jiti": ["jiti@2.7.0", "", { "bin": { "jiti": "lib/jiti-cli.mjs" } }, "sha512-AC/7JofJvZGrrneWNaEnJeOLUx+JlGt7tNa0wZiRPT4MY1wmfKjt2+6O2p2uz2+skll8OZZmJMNqeke7kKbNgQ=="],

    "jju": ["jju@1.4.0", "", {}, "sha512-8wb9Yw966OSxApiCt0K3yNJL8pnNeIv+OEq2YMidz4FKP6nonSRoOXc80iXY4JaN2FC11B9qsNmDsm+ZOfMROA=="],

    "jsonc-parser": ["jsonc-parser@3.3.1", "", {}, "sha512-HUgH65KyejrUFPvHFPbqOY0rsFip3Bo5wb4ngvdi1EpCYWUQDC5V+Y7mZws+DLkr4M//zQJoanu1SP+87Dv1oQ=="],

    "knip": ["knip@6.37.0", "", { "dependencies": { "fdir": "^6.5.0", "formatly": "^0.7.0", "get-tsconfig": "4.14.3", "jiti": "^2.7.0", "oxc-parser": "^0.150.0", "oxc-resolver": "11.24.2", "picomatch": "^4.0.7", "smol-toml": "^1.8.0", "strip-json-comments": "5.0.3", "tinyglobby": "^0.2.17", "unbash": "^4.0.11", "yaml": "^2.9.1", "zod": "^4.4.3" }, "bin": { "knip": "bin/knip.js", "knip-bun": "bin/knip-bun.js" } }, "sha512-NKCYuoGKJ+o2AuoCuV1mDvfMYnSSWfDXqxwmzxeHyd8fftjNRl8TBUg3fbSrtJjhm7Vj6sc1PX3WZnZhECs9EQ=="],

    "launch-editor": ["launch-editor@2.14.1", "", { "dependencies": { "picocolors": "^1.1.1", "shell-quote": "^1.8.4" } }, "sha512-QWBrQsMpH7gPr965dsKD/3cKWiNoTjpATQf++Xq63N6sKRGMwlVXz41O1IZTMfZQgBctD/K5Zt06+/I6pP6+HA=="],

    "lodash-es": ["lodash-es@4.18.1", "", {}, "sha512-J8xewKD/Gk22OZbhpOVSwcs60zhd95ESDwezOFuA3/099925PdHJ7OFHNTGtajL3AlZkykD32HykiMo+BIBI8A=="],

    "moo": ["moo@0.5.3", "", {}, "sha512-m2fmM2dDm7GZQsY7KK2cme8agi+AAljILjQnof7p1ZMDe6dQ4bdnSMx0cPppudoeNv5hEFQirN6u+O4fDE0IWA=="],

    "nearley": ["nearley@2.20.1", "", { "dependencies": { "commander": "^2.19.0", "moo": "^0.5.0", "railroad-diagrams": "^1.0.0", "randexp": "0.4.6" }, "bin": { "nearleyc": "bin/nearleyc.js", "nearley-test": "bin/nearley-test.js", "nearley-unparse": "bin/nearley-unparse.js", "nearley-railroad": "bin/nearley-railroad.js" } }, "sha512-+Mc8UaAebFzgV+KpI5n7DasuuQCHA89dmwm7JXw3TV43ukfNQ9DnBH3Mdb2g/I4Fdxc26pwimBWvjIw0UAILSQ=="],

    "nth-check": ["nth-check@3.0.1", "", { "dependencies": { "boolbase": "^2.0.0" } }, "sha512-GX0gsdbGVCgnRgbeGaubfjpBXyYRWOOCVeYh08bSQvDZqxz5ndXs1OTfAt/h36G1xvI94YIspsI0sVFqAV9+RQ=="],

    "oxc-parser": ["oxc-parser@0.150.0", "", { "dependencies": { "@oxc-project/types": "^0.150.0" }, "optionalDependencies": { "@oxc-parser/binding-android-arm-eabi": "0.150.0", "@oxc-parser/binding-android-arm64": "0.150.0", "@oxc-parser/binding-darwin-arm64": "0.150.0", "@oxc-parser/binding-darwin-x64": "0.150.0", "@oxc-parser/binding-freebsd-x64": "0.150.0", "@oxc-parser/binding-linux-arm-gnueabihf": "0.150.0", "@oxc-parser/binding-linux-arm-musleabihf": "0.150.0", "@oxc-parser/binding-linux-arm64-gnu": "0.150.0", "@oxc-parser/binding-linux-arm64-musl": "0.150.0", "@oxc-parser/binding-linux-ppc64-gnu": "0.150.0", "@oxc-parser/binding-linux-riscv64-gnu": "0.150.0", "@oxc-parser/binding-linux-riscv64-musl": "0.150.0", "@oxc-parser/binding-linux-s390x-gnu": "0.150.0", "@oxc-parser/binding-linux-x64-gnu": "0.150.0", "@oxc-parser/binding-linux-x64-musl": "0.150.0", "@oxc-parser/binding-openharmony-arm64": "0.150.0", "@oxc-parser/binding-win32-arm64-msvc": "0.150.0", "@oxc-parser/binding-win32-ia32-msvc": "0.150.0", "@oxc-parser/binding-win32-x64-msvc": "0.150.0" } }, "sha512-zwajKw1GUa57IOdafIS7/yOObGF2NihwIfZfs5yJTRprMSkiwhWOc/k+n8bwnUPbHr2/XsjfBO8KyTPaW3VpWg=="],

    "oxc-resolver": ["oxc-resolver@11.24.2", "", { "optionalDependencies": { "@oxc-resolver/binding-android-arm-eabi": "11.24.2", "@oxc-resolver/binding-android-arm64": "11.24.2", "@oxc-resolver/binding-darwin-arm64": "11.24.2", "@oxc-resolver/binding-darwin-x64": "11.24.2", "@oxc-resolver/binding-freebsd-x64": "11.24.2", "@oxc-resolver/binding-linux-arm-gnueabihf": "11.24.2", "@oxc-resolver/binding-linux-arm-musleabihf": "11.24.2", "@oxc-resolver/binding-linux-arm64-gnu": "11.24.2", "@oxc-resolver/binding-linux-arm64-musl": "11.24.2", "@oxc-resolver/binding-linux-ppc64-gnu": "11.24.2", "@oxc-resolver/binding-linux-riscv64-gnu": "11.24.2", "@oxc-resolver/binding-linux-riscv64-musl": "11.24.2", "@oxc-resolver/binding-linux-s390x-gnu": "11.24.2", "@oxc-resolver/binding-linux-x64-gnu": "11.24.2", "@oxc-resolver/binding-linux-x64-musl": "11.24.2", "@oxc-resolver/binding-openharmony-arm64": "11.24.2", "@oxc-resolver/binding-wasm32-wasi": "11.24.2", "@oxc-resolver/binding-win32-arm64-msvc": "11.24.2", "@oxc-resolver/binding-win32-x64-msvc": "11.24.2" } }, "sha512-FY91FiDBj7ls5MsFS9jN3tjz2o0/zsdSsymlakySaBwVJZorHhkWyICLZMKxlu1R9vYo+sd3z1jwb4J8x7bNDw=="],

    "package-manager-detector": ["package-manager-detector@1.8.0", "", {}, "sha512-yQA4H19AmPEoMUeavPMDIe1higySl/gH/yaQrkT/s07Qp+7pp2hYz30N3z2l5BkjVkF9Ow6o0wjJamm2y7Sn0A=="],

    "parse5": ["parse5@8.0.1", "", { "dependencies": { "entities": "^8.0.0" } }, "sha512-z1e/HMG90obSGeidlli3hj7cbocou0/wa5HacvI3ASx34PecNjNQeaHNo5WIZpWofN9kgkqV1q5YvXe3F0FoPw=="],

    "parse5-htmlparser2-tree-adapter": ["parse5-htmlparser2-tree-adapter@8.0.1", "", { "dependencies": { "domhandler": "^6.0.1", "parse5": "^8.0.0" } }, "sha512-aqkH+xQxX+QGZtP5GIMmqqp16Y0v9muEf2VVeypv35kFsD5bqP1UeBanSshdfjMY+RTh2vN4mmK6nEOVRMEvHg=="],

    "picocolors": ["picocolors@1.1.1", "", {}, "sha512-xceH2snhtb5M9liqDsmEw56le376mTZkEX/jEb/RxNFyegNul7eNslCXP9FDj/Lcu0X8KEyMceP2ntpaHrDEVA=="],

    "picomatch": ["picomatch@4.0.7", "", {}, "sha512-qcJu88Q2IWqJsDD529JKMdwGm/dvInW4HvQnRwiH9JtihJvzGOscDtHE3x1pBKeUOTysQ8kVmLnJ2kJu7yhcGA=="],

    "prettier": ["prettier@3.9.8", "", { "bin": { "prettier": "bin/prettier.cjs" } }, "sha512-WRFq3Wn3WId7LLROfMLdH7xaFr2jR62wU8nLO6rQUOLOxNZUviyJQs1M0iIhLexSFy+L+w0ch66wtoO2jRjG0A=="],

    "pretty-format": ["pretty-format@30.5.1", "", { "dependencies": { "@jest/react-is-18": "npm:react-is@^18.3.1", "@jest/react-is-19": "npm:react-is@^19.2.5", "@jest/schemas": "30.5.0", "ansi-styles": "^5.2.0" } }, "sha512-byhRAPguVKMQIj4kjJwJ5lAskVhfuiSdiYl/aLTWpgkGEmic2jYhJh1yE9ih8Ox44Xg9ccCT11/S6QrzSJuNrg=="],

    "railroad-diagrams": ["railroad-diagrams@1.0.0", "", {}, "sha512-cz93DjNeLY0idrCNOH6PviZGRN9GJhsdm9hpn1YCS879fj4W+x5IFJhhkRZcwVgMmFF7R82UA/7Oh+R8lLZg6A=="],

    "randexp": ["randexp@0.4.6", "", { "dependencies": { "discontinuous-range": "1.0.0", "ret": "~0.1.10" } }, "sha512-80WNmd9DA0tmZrw9qQa62GPPWfuXJknrmVmLcxvq4uZBdYqb1wYoKTmnlGUchvVWe0XiLupYkBoXVOxz3C8DYQ=="],

    "resolve-pkg-maps": ["resolve-pkg-maps@1.0.0", "", {}, "sha512-seS2Tj26TBVOC2NIc2rOe2y2ZO7efxITtLZcGSOnHHNOQ7CkiUBfw0Iw2ck6xkIhPwLhKNLS8BO+hEpngQlqzw=="],

    "ret": ["ret@0.1.15", "", {}, "sha512-TTlYpa+OL+vMMNG24xSlQGEJ3B/RzEfUlLct7b5G/ytav+wPrplCpVMFuwzXbkecJrb6IYo1iFb0S9v37754mg=="],

    "semver": ["semver@7.8.5", "", { "bin": { "semver": "bin/semver.js" } }, "sha512-Y7/KDsb8LjooZpwaqGyulO6DQlksgCncchHGk+sZIY4SBvUocMBEFH5Ur1fI4dV+Jvl0w6cjvucaIi40puRioA=="],

    "set-cookie-parser": ["set-cookie-parser@3.1.2", "", {}, "sha512-5/r/lTwbJ3zQ+qwdUFZYeRNqda7P5HD8zQKqlSjdGt1/S0cjLAphHusj4Y58ahDtWn/g32xrIS58/ikOvwl0Lw=="],

    "shell-quote": ["shell-quote@1.10.0", "", {}, "sha512-w1aiOKwKuRgtwAReIIj89puqg+I7GvX4IbLrvmhXbzQsj1+Zwi4VO3+fa6ZF91TWSjIxoEkKnMeHcLEODK5ZXA=="],

    "sherif": ["sherif@1.13.0", "", { "optionalDependencies": { "sherif-darwin-arm64": "1.13.0", "sherif-darwin-x64": "1.13.0", "sherif-linux-arm64": "1.13.0", "sherif-linux-arm64-musl": "1.13.0", "sherif-linux-x64": "1.13.0", "sherif-linux-x64-musl": "1.13.0", "sherif-windows-arm64": "1.13.0", "sherif-windows-x64": "1.13.0" }, "bin": { "sherif": "index.js" } }, "sha512-Ld2nUOlwW1nmYDA2Q/5o7SC8WcCzVS7XjImmzW4a4z1o8DXJnt+2xYLvI42N5UYlNb/EevPahdC/XxIP6C38TQ=="],

    "sherif-darwin-arm64": ["sherif-darwin-arm64@1.13.0", "", { "os": "darwin", "cpu": "arm64" }, "sha512-k38jpGpZIEWS5dpSRLSvVi53LZuGO3hDqB88jgdLMDN11LZM6yTDcP0GytnQ8OpE6Br/Js6bDCLsdWDarZdV9g=="],

    "sherif-darwin-x64": ["sherif-darwin-x64@1.13.0", "", { "os": "darwin", "cpu": "x64" }, "sha512-W2bOj0Ya9A0fPSWzbeaaNg2RRRr48l2lArN8sGbfc9SZuJSJWXcdWkTVC3sEUiiXwpxNeLY/CsGNyQz5Izbfig=="],

    "sherif-linux-arm64": ["sherif-linux-arm64@1.13.0", "", { "os": "linux", "cpu": "arm64" }, "sha512-Z94SgKNClWarVJj4LsayOmL7zccCUAvy3ugZnIO860FoJofh812KAyF8CdWrSho8qfmmoAzNcqSSc1OZh7+ckQ=="],

    "sherif-linux-arm64-musl": ["sherif-linux-arm64-musl@1.13.0", "", { "os": "linux", "cpu": "arm64" }, "sha512-9IDAlwYT5Ay2nex9Da3R98cvnPKVveT57i7pJXnnY/DC90qdqqz6Twlp7STRv+7qo4k4ES+2J9zQ0k6SDe888A=="],

    "sherif-linux-x64": ["sherif-linux-x64@1.13.0", "", { "os": "linux", "cpu": "x64" }, "sha512-xGB9iiet8l/i8/YLZje8icpZyt4pVgoxB2+SoC6JCB8iDWsCVSuixebwX2t9yeGqXBXO1kphaW0TLf8Tmwy9JQ=="],

    "sherif-linux-x64-musl": ["sherif-linux-x64-musl@1.13.0", "", { "os": "linux", "cpu": "x64" }, "sha512-2L+A8jF5ylojFwl7eAePR1h3Bzx24IcMgEoWObXgD70k6xF+GOJaM/n+q4MQ9YDntAKbJfMDr6ETjt6Bt/hosA=="],

    "sherif-windows-arm64": ["sherif-windows-arm64@1.13.0", "", { "os": "win32", "cpu": "arm64" }, "sha512-jHzJ/EcG4HuNLf/3AEDzbRkAofLPBHRJKJJMjAosampAe9861atu4q+Z2IZ1/sHg5oVnNgaNg/Xc5DDhGcQ/3w=="],

    "sherif-windows-x64": ["sherif-windows-x64@1.13.0", "", { "os": "win32", "cpu": "x64" }, "sha512-KyMqQY62Eb3O+wePlw433mH2XBPVPLXdDjWPneg9pB6jeK0B1sgEzM2yks+aAP5asZ1Y8Q7C7iR7ZtbJKdsAtA=="],

    "sisteransi": ["sisteransi@1.0.5", "", {}, "sha512-bLGGlR1QxBcynn2d5YmDX4MGjlZvy2MRBDRNHLJ8VI6l6+9FUiyTFNJ0IveOSP0bcXgVDPRcfGqA0pjaqUpfVg=="],

    "smol-toml": ["smol-toml@1.8.0", "", {}, "sha512-kCZr2V3ch9i00x8zXRhjUNVcjG9ijES5dDudkXvUVCT5QlJNQWElSJdZqyPemffHoLNUYwOcou0Fy+ojN0uHSQ=="],

    "strip-json-comments": ["strip-json-comments@5.0.3", "", {}, "sha512-1tB5mhVo7U+ETBKNf92xT4hrQa3pm0MZ0PQvuDnWgAAGHDsfp4lPSpiS6psrSiet87wyGPh9ft6wmhOMQ0hDiw=="],

    "supports-color": ["supports-color@7.2.0", "", { "dependencies": { "has-flag": "^4.0.0" } }, "sha512-qpCAvRl9stuOHveKsn7HncJRvv501qIacKzQlO/+Lwxc9+0q2wLyv4Dfvt80/DPn2pqOBsJdDiogXGR9+OvwRw=="],

    "test": ["test@workspace:test"],

    "tinyexec": ["tinyexec@1.3.1", "", {}, "sha512-GCvB3aoys96IuDFBMcTB46JOR6mdMtAToqwiW8JlWhsoh1mhHi/xn9ss/Dg7N555GiJyEt2qzoG/NHCwM6h1EA=="],

    "tinyglobby": ["tinyglobby@0.2.17", "", { "dependencies": { "fdir": "^6.5.0", "picomatch": "^4.0.4" } }, "sha512-wXR/dYpcqKmfWpEdZjiKJOwCNFndD0DMnrW/cYjVGttEkBfVgcLFHoNrlj47mjOVic9yyNu65alsgF4NQyTa2g=="],

    "tslib": ["tslib@2.8.1", "", {}, "sha512-oJFu94HQb+KVduSUQL7wnpmqnfmLsOA/nAh6b6EH0wCEoK0/mPeXU6c3wKDV83MkOuHPRHtSXKKU99IBazS/2w=="],

    "typescript": ["typescript@7.0.2", "", { "optionalDependencies": { "@typescript/typescript-aix-ppc64": "7.0.2", "@typescript/typescript-darwin-arm64": "7.0.2", "@typescript/typescript-darwin-x64": "7.0.2", "@typescript/typescript-freebsd-arm64": "7.0.2", "@typescript/typescript-freebsd-x64": "7.0.2", "@typescript/typescript-linux-arm": "7.0.2", "@typescript/typescript-linux-arm64": "7.0.2", "@typescript/typescript-linux-loong64": "7.0.2", "@typescript/typescript-linux-mips64el": "7.0.2", "@typescript/typescript-linux-ppc64": "7.0.2", "@typescript/typescript-linux-riscv64": "7.0.2", "@typescript/typescript-linux-s390x": "7.0.2", "@typescript/typescript-linux-x64": "7.0.2", "@typescript/typescript-netbsd-arm64": "7.0.2", "@typescript/typescript-netbsd-x64": "7.0.2", "@typescript/typescript-openbsd-arm64": "7.0.2", "@typescript/typescript-openbsd-x64": "7.0.2", "@typescript/typescript-sunos-x64": "7.0.2", "@typescript/typescript-win32-arm64": "7.0.2", "@typescript/typescript-win32-x64": "7.0.2" }, "bin": { "tsc": "bin/tsc" } }, "sha512-8FYau96o3NKOhbjKi/qNvG/W5jhzxkbdm5sj9AbZ/5T5sWqn3hJgLfGx27sRKZWTvyzCP8dLRBTf5tBTSRVUNA=="],

    "unbash": ["unbash@4.0.11", "", {}, "sha512-FoSOKV7NEofQSkAefMVHam4ZPKYMxjAydxiV72UFEDNV/YofxjGfiZ2A9pZjdL/lRJzTjcu4PABo1JYJX8N5iQ=="],

    "undici-types": ["undici-types@8.9.0", "", {}, "sha512-KTDyRTYX8sWmKXAikPHHSyc63CRPETMctyjKFupcC6OBLXT3xsN0e9aF7m+mIXutFWpUXuedtowG7iLOzp0kQg=="],

    "walk-up-path": ["walk-up-path@4.0.0", "", {}, "sha512-3hu+tD8YzSLGuFYtPRb48vdhKMi0KQV5sn+uWr8+7dMEq/2G/dtLrdDinkLjqq5TIbIBjYJ4Ax/n3YiaW7QM8A=="],

    "yaml": ["yaml@2.9.1", "", { "bin": { "yaml": "bin.mjs" } }, "sha512-3NxN8+78OdzbT7C/WjGsyfPAtJaN3FNDsWxv7Y7mcDsT/oOmgW8BpyQQFFBnvZE3j9Y2Sdz1ULFLezL7Eb2yFw=="],

    "zod": ["zod@4.6.5", "", {}, "sha512-v5l/aFXZQeai4awLbOpSoHecE9UiMrnfx75tEXLjNonXVARxQ5mOeipTjROUchszUNCqnE+hqAMujRsRHsut2Q=="],

    "pretty-format/ansi-styles": ["ansi-styles@5.2.0", "", {}, "sha512-Cxwpt2SfTzTtXcfOlzGEee8O+c+MmUgGrNiBcXnuWxuFJHe6a5Hz7qwhwe5OgaSYI0IJvkLqWX1ASG+cJOkEiA=="],
  }
}
